
Microsoft Visual Studio Solution File, Format Version 12.00
# Visual Studio Version 16
VisualStudioVersion = 16.0.30503.244
MinimumVisualStudioVersion = 10.0.40219.1
Project("{FAE04EC0-301F-11D3-BF4B-00C04F79EFBC}") = "geometry-notepad", "geometry-notepad.csproj", "{2FB4CE20-950C-4A10-A26C-075C1D853B81}"
EndProject
Global
	GlobalSection(SolutionConfigurationPlatforms) = preSolution
		Debug|Any CPU = Debug|Any CPU
		Release|Any CPU = Release|Any CPU
	EndGlobalSection
	GlobalSection(ProjectConfigurationPlatforms) = postSolution
		{2FB4CE20-950C-4A10-A26C-075C1D853B81}.Debug|Any CPU.ActiveCfg = Debug|Any CPU
		{2FB4CE20-950C-4A10-A26C-075C1D853B81}.Debug|Any CPU.Build.0 = Debug|Any CPU
		{2FB4CE20-950C-4A10-A26C-075C1D853B81}.Release|Any CPU.ActiveCfg = Release|Any CPU
		{2FB4CE20-950C-4A10-A26C-075C1D853B81}.Release|Any CPU.Build.0 = Release|Any CPU
	EndGlobalSection
	GlobalSection(SolutionProperties) = preSolution
		HideSolutionNode = FALSE
	EndGlobalSection
	GlobalSection(ExtensibilityGlobals) = postSolution
		SolutionGuid = {22E7E51B-8491-44DD-8592-B28804A3B44A}
	EndGlobalSection
EndGlobal
